
Microsoft Visual Studio Solution File, Format Version 12.00
# Visual Studio 2013
VisualStudioVersion = 12.0.30110.0
MinimumVisualStudioVersion = 10.0.40219.1
Project("{FAE04EC0-301F-11D3-BF4B-00C04F79EFBC}") = "EPKit.ObjectGraph.Example", "EPKit.ObjectGraph.Example\EPKit.ObjectGraph.Example.csproj", "{0727C87F-7022-491C-A10A-F9DC8083E50F}"
EndProject
Project("{FAE04EC0-301F-11D3-BF4B-00C04F79EFBC}") = "EPKit.ObjectGraph.Core", "EPKit.ObjectGraph.Core\EPKit.ObjectGraph.Core.csproj", "{C1AA468A-16BE-4C54-BFE8-7EE9439F3835}"
EndProject
Project("{2150E333-8FDC-42A3-9474-1A3956D46DE8}") = ".nuget", ".nuget", "{C9730FB1-9BB0-42D1-9D40-1B8222DD736B}"
	ProjectSection(SolutionItems) = preProject
		.nuget\NuGet.Config = .nuget\NuGet.Config
		.nuget\NuGet.exe = .nuget\NuGet.exe
		.nuget\NuGet.targets = .nuget\NuGet.targets
		.nuget\packages.config = .nuget\packages.config
	EndProjectSection
EndProject
Global
	GlobalSection(SolutionConfigurationPlatforms) = preSolution
		AppStore|Any CPU = AppStore|Any CPU
		Debug|Any CPU = Debug|Any CPU
		Release|Any CPU = Release|Any CPU
	EndGlobalSection
	GlobalSection(ProjectConfigurationPlatforms) = postSolution
		{0727C87F-7022-491C-A10A-F9DC8083E50F}.AppStore|Any CPU.ActiveCfg = Release|Any CPU
		{0727C87F-7022-491C-A10A-F9DC8083E50F}.AppStore|Any CPU.Build.0 = Release|Any CPU
		{0727C87F-7022-491C-A10A-F9DC8083E50F}.Debug|Any CPU.ActiveCfg = Debug|Any CPU
		{0727C87F-7022-491C-A10A-F9DC8083E50F}.Debug|Any CPU.Build.0 = Debug|Any CPU
		{0727C87F-7022-491C-A10A-F9DC8083E50F}.Release|Any CPU.ActiveCfg = Release|Any CPU
		{0727C87F-7022-491C-A10A-F9DC8083E50F}.Release|Any CPU.Build.0 = Release|Any CPU
		{C1AA468A-16BE-4C54-BFE8-7EE9439F3835}.AppStore|Any CPU.ActiveCfg = Release|Any CPU
		{C1AA468A-16BE-4C54-BFE8-7EE9439F3835}.AppStore|Any CPU.Build.0 = Release|Any CPU
		{C1AA468A-16BE-4C54-BFE8-7EE9439F3835}.Debug|Any CPU.ActiveCfg = Debug|Any CPU
		{C1AA468A-16BE-4C54-BFE8-7EE9439F3835}.Debug|Any CPU.Build.0 = Debug|Any CPU
		{C1AA468A-16BE-4C54-BFE8-7EE9439F3835}.Release|Any CPU.ActiveCfg = Release|Any CPU
		{C1AA468A-16BE-4C54-BFE8-7EE9439F3835}.Release|Any CPU.Build.0 = Release|Any CPU
	EndGlobalSection
	GlobalSection(SolutionProperties) = preSolution
		HideSolutionNode = FALSE
	EndGlobalSection
	GlobalSection(MonoDevelopProperties) = preSolution
		StartupItem = EPKit.ObjectGraph.Example\EPKit.ObjectGraph.Example.csproj
	EndGlobalSection
EndGlobal
